
Microsoft Visual Studio Solution File, Format Version 12.00
# Visual Studio 15
VisualStudioVersion = 15.0.27428.2037
MinimumVisualStudioVersion = 10.0.40219.1
Project("{FAE04EC0-301F-11D3-BF4B-00C04F79EFBC}") = "ASfP", "ASfP\ASfP.csproj", "{B90C1A0E-C5CB-4C76-8E61-5C2454C2B267}"
EndProject
Global
	GlobalSection(SolutionConfigurationPlatforms) = preSolution
		Debug|Any CPU = Debug|Any CPU
		Release|Any CPU = Release|Any CPU
	EndGlobalSection
	GlobalSection(ProjectConfigurationPlatforms) = postSolution
		{B90C1A0E-C5CB-4C76-8E61-5C2454C2B267}.Debug|Any CPU.ActiveCfg = Debug|Any CPU
		{B90C1A0E-C5CB-4C76-8E61-5C2454C2B267}.Debug|Any CPU.Build.0 = Debug|Any CPU
		{B90C1A0E-C5CB-4C76-8E61-5C2454C2B267}.Release|Any CPU.ActiveCfg = Release|Any CPU
		{B90C1A0E-C5CB-4C76-8E61-5C2454C2B267}.Release|Any CPU.Build.0 = Release|Any CPU
	EndGlobalSection
	GlobalSection(SolutionProperties) = preSolution
		HideSolutionNode = FALSE
	EndGlobalSection
	GlobalSection(ExtensibilityGlobals) = postSolution
		SolutionGuid = {16D8E2BE-0835-435A-8BAD-B9A49950B3FA}
	EndGlobalSection
EndGlobal
